
Microsoft Visual Studio Solution File, Format Version 12.00
# Visual Studio Version 16
VisualStudioVersion = 16.0.29123.88
MinimumVisualStudioVersion = 10.0.40219.1
Project("{FAE04EC0-301F-11D3-BF4B-00C04F79EFBC}") = "Tempmon", "Tempmon\Tempmon.csproj", "{F9CF465A-E31C-4024-A77F-4B07E8D18834}"
EndProject
Global
	GlobalSection(SolutionConfigurationPlatforms) = preSolution
		Debug|Any CPU = Debug|Any CPU
		Release|Any CPU = Release|Any CPU
	EndGlobalSection
	GlobalSection(ProjectConfigurationPlatforms) = postSolution
		{F9CF465A-E31C-4024-A77F-4B07E8D18834}.Debug|Any CPU.ActiveCfg = Debug|Any CPU
		{F9CF465A-E31C-4024-A77F-4B07E8D18834}.Debug|Any CPU.Build.0 = Debug|Any CPU
		{F9CF465A-E31C-4024-A77F-4B07E8D18834}.Release|Any CPU.ActiveCfg = Release|Any CPU
		{F9CF465A-E31C-4024-A77F-4B07E8D18834}.Release|Any CPU.Build.0 = Release|Any CPU
	EndGlobalSection
	GlobalSection(SolutionProperties) = preSolution
		HideSolutionNode = FALSE
	EndGlobalSection
	GlobalSection(ExtensibilityGlobals) = postSolution
		SolutionGuid = {B9EB03C4-9BE7-4E09-B1B1-BD19E6866FEA}
	EndGlobalSection
EndGlobal
